
Microsoft Visual Studio Solution File, Format Version 12.00
# Visual Studio Version 17
VisualStudioVersion = 17.12.35527.113
MinimumVisualStudioVersion = 10.0.40219.1
Project("{2150E333-8FDC-42A3-9474-1A3956D46DE8}") = "Lesson_02", "Lesson_02", "{327EFF94-F9EB-4029-AB34-CFFBD866C853}"
EndProject
Project("{FAE04EC0-301F-11D3-BF4B-00C04F79EFBC}") = "Task_02_02", "Task_02_02\Task_02_02.csproj", "{43C911F8-2A79-498E-933D-09952FB8F935}"
EndProject
Project("{FAE04EC0-301F-11D3-BF4B-00C04F79EFBC}") = "Task_02_04", "Task_02_04\Task_02_04.csproj", "{A2A2717E-C2C6-485E-83CC-E61D74E95174}"
EndProject
Project("{2150E333-8FDC-42A3-9474-1A3956D46DE8}") = "Lesson_03", "Lesson_03", "{AD1234CF-C9FF-4B93-9503-76AAABD6DE8E}"
EndProject
Project("{FAE04EC0-301F-11D3-BF4B-00C04F79EFBC}") = "Task_03_04", "Task_03_04\Task_03_04.csproj", "{F1ABAFD8-A11A-49DE-B621-944F166EAE00}"
EndProject
Project("{FAE04EC0-301F-11D3-BF4B-00C04F79EFBC}") = "Task_03_05", "Task_03_05\Task_03_05.csproj", "{0EEE9471-2903-4E9D-BA7A-3A782D2E6312}"
EndProject
Project("{FAE04EC0-301F-11D3-BF4B-00C04F79EFBC}") = "Task_03_06", "Task_03_06\Task_03_06.csproj", "{8EFF6800-A467-49EA-A058-F917FC119D6C}"
EndProject
Project("{FAE04EC0-301F-11D3-BF4B-00C04F79EFBC}") = "Task_03_07", "Task_03_07\Task_03_07.csproj", "{8562F4C5-7AFC-4E97-A1A1-ECC2A2C3C6C2}"
EndProject
Project("{FAE04EC0-301F-11D3-BF4B-00C04F79EFBC}") = "Task_03_08", "Task_03_08\Task_03_08.csproj", "{47881D1B-2D39-4121-B4D8-DC879F562EA1}"
EndProject
Project("{FAE04EC0-301F-11D3-BF4B-00C04F79EFBC}") = "Task_03_09", "Task_03_09\Task_03_09.csproj", "{2C6DD76F-3FE7-4404-A882-54DB360BC683}"
EndProject
Project("{2150E333-8FDC-42A3-9474-1A3956D46DE8}") = "Lesson_04", "Lesson_04", "{1FE54275-BE3C-4C93-B5AE-9EAF6D19ECF4}"
EndProject
Project("{FAE04EC0-301F-11D3-BF4B-00C04F79EFBC}") = "Task_04_05", "Task_04_05\Task_04_05.csproj", "{D9EE2A34-4D74-4DD1-B5B7-075297A6A5D2}"
EndProject
Project("{FAE04EC0-301F-11D3-BF4B-00C04F79EFBC}") = "Task_04_06", "Task_04_06\Task_04_06.csproj", "{501DCE22-72EE-4BB8-8BFF-BA488A32A181}"
EndProject
Project("{FAE04EC0-301F-11D3-BF4B-00C04F79EFBC}") = "Task_04_07", "Task_04_07\Task_04_07.csproj", "{470B4655-A292-45AB-978A-D98772A30A7D}"
EndProject
Project("{FAE04EC0-301F-11D3-BF4B-00C04F79EFBC}") = "Task_04_08", "Task_04_08\Task_04_08.csproj", "{18CF6816-05E0-4A65-8018-066A61E04463}"
EndProject
Project("{FAE04EC0-301F-11D3-BF4B-00C04F79EFBC}") = "Task_04_09", "Task_04_09\Task_04_09.csproj", "{ABA2EBF1-40CB-4194-9832-AD69E86AD72D}"
EndProject
Project("{FAE04EC0-301F-11D3-BF4B-00C04F79EFBC}") = "Task_04_10", "Task_04_10\Task_04_10.csproj", "{5E5EDCF0-E2EB-4713-A960-37830BB6EDF8}"
EndProject
Project("{2150E333-8FDC-42A3-9474-1A3956D46DE8}") = "Lesson_05", "Lesson_05", "{132BF0D0-CCFD-4414-BB3F-7E09C2B1CF45}"
EndProject
Project("{FAE04EC0-301F-11D3-BF4B-00C04F79EFBC}") = "Task_05_03", "Task_05_03\Task_05_03.csproj", "{5B39B7ED-2896-4853-871A-0799FAE221E7}"
EndProject
Project("{FAE04EC0-301F-11D3-BF4B-00C04F79EFBC}") = "Task_05_04", "Task_05_04\Task_05_04.csproj", "{20601375-7008-46B9-A387-1677B5BC234F}"
EndProject
Project("{FAE04EC0-301F-11D3-BF4B-00C04F79EFBC}") = "Task_05_05", "Task_05_05\Task_05_05.csproj", "{9E353636-D5C2-47B7-B026-5C140BDBC2DD}"
EndProject
Project("{FAE04EC0-301F-11D3-BF4B-00C04F79EFBC}") = "Task_05_06", "Task_05_06\Task_05_06.csproj", "{369C59BA-1EE0-4892-9524-9C97DC4704A0}"
EndProject
Project("{FAE04EC0-301F-11D3-BF4B-00C04F79EFBC}") = "Task_05_07", "Task_05_07\Task_05_07.csproj", "{2D080593-2719-4868-BDC8-60EFDB161755}"
EndProject
Project("{FAE04EC0-301F-11D3-BF4B-00C04F79EFBC}") = "Task_05_08", "Task_05_08\Task_05_08.csproj", "{BD3F5C22-C500-4B36-9FCF-372EADEB1DB5}"
EndProject
Project("{FAE04EC0-301F-11D3-BF4B-00C04F79EFBC}") = "Task_05_09", "Task_05_09\Task_05_09.csproj", "{B230A513-FE15-4245-BEDD-28B982B0E7D5}"
EndProject
Project("{2150E333-8FDC-42A3-9474-1A3956D46DE8}") = "Lesson_06", "Lesson_06", "{B6F849FB-31EB-4DB7-BBEB-A45238AE1BF6}"
EndProject
Project("{FAE04EC0-301F-11D3-BF4B-00C04F79EFBC}") = "Task_06_06", "Task_06_06\Task_06_06.csproj", "{38ADFD5B-4C72-41FD-A786-EEE64C17F01E}"
EndProject
Project("{FAE04EC0-301F-11D3-BF4B-00C04F79EFBC}") = "Task_06_07", "Task_06_07\Task_06_07.csproj", "{332BBA68-D9D3-4E73-ADFE-77BD10C4944C}"
EndProject
Project("{FAE04EC0-301F-11D3-BF4B-00C04F79EFBC}") = "Task_06_08", "Task_06_08\Task_06_08.csproj", "{E3966625-7E27-4387-99FA-BBE7145E4ABD}"
EndProject
Project("{2150E333-8FDC-42A3-9474-1A3956D46DE8}") = "Lesson_11", "Lesson_11", "{9C14F1A4-009F-40B1-91A5-365D1A98D7E8}"
EndProject
Project("{FAE04EC0-301F-11D3-BF4B-00C04F79EFBC}") = "Task_11_01", "Task_07_01\Task_11_01.csproj", "{2B5A8F87-BABC-46BE-9E9D-E5D7B43F69EB}"
EndProject
Project("{FAE04EC0-301F-11D3-BF4B-00C04F79EFBC}") = "Task_11_02", "Task_07_02\Task_11_02.csproj", "{6BA835EC-55FD-46D0-86FF-022FB147F06E}"
EndProject
Project("{FAE04EC0-301F-11D3-BF4B-00C04F79EFBC}") = "Task_11_03", "Task_07_03\Task_11_03.csproj", "{545B3FD8-CE96-4A57-9CCA-CF5FAC16B66D}"
EndProject
Project("{FAE04EC0-301F-11D3-BF4B-00C04F79EFBC}") = "Task_11_04", "Task_07_04\Task_11_04.csproj", "{05648837-5BEE-445C-BB81-FE919804DA3E}"
EndProject
Project("{FAE04EC0-301F-11D3-BF4B-00C04F79EFBC}") = "Task_11_05", "Task_07_05\Task_11_05.csproj", "{9943F73B-FB3D-44EC-A616-1DC6308EB86C}"
EndProject
Project("{FAE04EC0-301F-11D3-BF4B-00C04F79EFBC}") = "Task_11_06", "Task_11_06\Task_11_06.csproj", "{1375008B-BB9F-415A-BCEF-0A9420A42C41}"
EndProject
Project("{FAE04EC0-301F-11D3-BF4B-00C04F79EFBC}") = "Task_11_07", "Task_11_07\Task_11_07.csproj", "{31988F05-D626-46FC-B6CB-75024C6E7693}"
EndProject
Project("{FAE04EC0-301F-11D3-BF4B-00C04F79EFBC}") = "Task_11_08", "Task_11_08\Task_11_08.csproj", "{959F5C7A-8704-4F12-B961-619AE2232504}"
EndProject
Project("{2150E333-8FDC-42A3-9474-1A3956D46DE8}") = "Lesson_13", "Lesson_13", "{AC5E6597-59BD-4463-A753-738D10EDE68B}"
EndProject
Project("{FAE04EC0-301F-11D3-BF4B-00C04F79EFBC}") = "Task_13_02", "Task_13_02\Task_13_02.csproj", "{CFF692C7-0B03-47B6-8B1E-77B2697E5CB9}"
EndProject
Project("{FAE04EC0-301F-11D3-BF4B-00C04F79EFBC}") = "Task_13_03", "Task_13_03\Task_13_03.csproj", "{3EC81866-948A-4184-8C00-B4828A64B76C}"
EndProject
Project("{2150E333-8FDC-42A3-9474-1A3956D46DE8}") = "Lesson_14", "Lesson_14", "{DBCFA5FB-527F-4976-9FDB-9D49248A08A9}"
EndProject
Project("{FAE04EC0-301F-11D3-BF4B-00C04F79EFBC}") = "Task_14_03", "Task_14_03\Task_14_03.csproj", "{27F1B5F7-54DB-4695-8603-D220AAE7B1D4}"
EndProject
Project("{FAE04EC0-301F-11D3-BF4B-00C04F79EFBC}") = "Task_14_04", "Task_14_04\Task_14_04.csproj", "{C7FB411C-FAFE-4C3B-927A-172DE3CF3368}"
EndProject
Global
	GlobalSection(SolutionConfigurationPlatforms) = preSolution
		Debug|Any CPU = Debug|Any CPU
		Release|Any CPU = Release|Any CPU
	EndGlobalSection
	GlobalSection(ProjectConfigurationPlatforms) = postSolution
		{43C911F8-2A79-498E-933D-09952FB8F935}.Debug|Any CPU.ActiveCfg = Debug|Any CPU
		{43C911F8-2A79-498E-933D-09952FB8F935}.Debug|Any CPU.Build.0 = Debug|Any CPU
		{43C911F8-2A79-498E-933D-09952FB8F935}.Release|Any CPU.ActiveCfg = Release|Any CPU
		{43C911F8-2A79-498E-933D-09952FB8F935}.Release|Any CPU.Build.0 = Release|Any CPU
		{A2A2717E-C2C6-485E-83CC-E61D74E95174}.Debug|Any CPU.ActiveCfg = Debug|Any CPU
		{A2A2717E-C2C6-485E-83CC-E61D74E95174}.Debug|Any CPU.Build.0 = Debug|Any CPU
		{A2A2717E-C2C6-485E-83CC-E61D74E95174}.Release|Any CPU.ActiveCfg = Release|Any CPU
		{A2A2717E-C2C6-485E-83CC-E61D74E95174}.Release|Any CPU.Build.0 = Release|Any CPU
		{F1ABAFD8-A11A-49DE-B621-944F166EAE00}.Debug|Any CPU.ActiveCfg = Debug|Any CPU
		{F1ABAFD8-A11A-49DE-B621-944F166EAE00}.Debug|Any CPU.Build.0 = Debug|Any CPU
		{F1ABAFD8-A11A-49DE-B621-944F166EAE00}.Release|Any CPU.ActiveCfg = Release|Any CPU
		{F1ABAFD8-A11A-49DE-B621-944F166EAE00}.Release|Any CPU.Build.0 = Release|Any CPU
		{0EEE9471-2903-4E9D-BA7A-3A782D2E6312}.Debug|Any CPU.ActiveCfg = Debug|Any CPU
		{0EEE9471-2903-4E9D-BA7A-3A782D2E6312}.Debug|Any CPU.Build.0 = Debug|Any CPU
		{0EEE9471-2903-4E9D-BA7A-3A782D2E6312}.Release|Any CPU.ActiveCfg = Release|Any CPU
		{0EEE9471-2903-4E9D-BA7A-3A782D2E6312}.Release|Any CPU.Build.0 = Release|Any CPU
		{8EFF6800-A467-49EA-A058-F917FC119D6C}.Debug|Any CPU.ActiveCfg = Debug|Any CPU
		{8EFF6800-A467-49EA-A058-F917FC119D6C}.Debug|Any CPU.Build.0 = Debug|Any CPU
		{8EFF6800-A467-49EA-A058-F917FC119D6C}.Release|Any CPU.ActiveCfg = Release|Any CPU
		{8EFF6800-A467-49EA-A058-F917FC119D6C}.Release|Any CPU.Build.0 = Release|Any CPU
		{8562F4C5-7AFC-4E97-A1A1-ECC2A2C3C6C2}.Debug|Any CPU.ActiveCfg = Debug|Any CPU
		{8562F4C5-7AFC-4E97-A1A1-ECC2A2C3C6C2}.Debug|Any CPU.Build.0 = Debug|Any CPU
		{8562F4C5-7AFC-4E97-A1A1-ECC2A2C3C6C2}.Release|Any CPU.ActiveCfg = Release|Any CPU
		{8562F4C5-7AFC-4E97-A1A1-ECC2A2C3C6C2}.Release|Any CPU.Build.0 = Release|Any CPU
		{47881D1B-2D39-4121-B4D8-DC879F562EA1}.Debug|Any CPU.ActiveCfg = Debug|Any CPU
		{47881D1B-2D39-4121-B4D8-DC879F562EA1}.Debug|Any CPU.Build.0 = Debug|Any CPU
		{47881D1B-2D39-4121-B4D8-DC879F562EA1}.Release|Any CPU.ActiveCfg = Release|Any CPU
		{47881D1B-2D39-4121-B4D8-DC879F562EA1}.Release|Any CPU.Build.0 = Release|Any CPU
		{2C6DD76F-3FE7-4404-A882-54DB360BC683}.Debug|Any CPU.ActiveCfg = Debug|Any CPU
		{2C6DD76F-3FE7-4404-A882-54DB360BC683}.Debug|Any CPU.Build.0 = Debug|Any CPU
		{2C6DD76F-3FE7-4404-A882-54DB360BC683}.Release|Any CPU.ActiveCfg = Release|Any CPU
		{2C6DD76F-3FE7-4404-A882-54DB360BC683}.Release|Any CPU.Build.0 = Release|Any CPU
		{D9EE2A34-4D74-4DD1-B5B7-075297A6A5D2}.Debug|Any CPU.ActiveCfg = Debug|Any CPU
		{D9EE2A34-4D74-4DD1-B5B7-075297A6A5D2}.Debug|Any CPU.Build.0 = Debug|Any CPU
		{D9EE2A34-4D74-4DD1-B5B7-075297A6A5D2}.Release|Any CPU.ActiveCfg = Release|Any CPU
		{D9EE2A34-4D74-4DD1-B5B7-075297A6A5D2}.Release|Any CPU.Build.0 = Release|Any CPU
		{501DCE22-72EE-4BB8-8BFF-BA488A32A181}.Debug|Any CPU.ActiveCfg = Debug|Any CPU
		{501DCE22-72EE-4BB8-8BFF-BA488A32A181}.Debug|Any CPU.Build.0 = Debug|Any CPU
		{501DCE22-72EE-4BB8-8BFF-BA488A32A181}.Release|Any CPU.ActiveCfg = Release|Any CPU
		{501DCE22-72EE-4BB8-8BFF-BA488A32A181}.Release|Any CPU.Build.0 = Release|Any CPU
		{470B4655-A292-45AB-978A-D98772A30A7D}.Debug|Any CPU.ActiveCfg = Debug|Any CPU
		{470B4655-A292-45AB-978A-D98772A30A7D}.Debug|Any CPU.Build.0 = Debug|Any CPU
		{470B4655-A292-45AB-978A-D98772A30A7D}.Release|Any CPU.ActiveCfg = Release|Any CPU
		{470B4655-A292-45AB-978A-D98772A30A7D}.Release|Any CPU.Build.0 = Release|Any CPU
		{18CF6816-05E0-4A65-8018-066A61E04463}.Debug|Any CPU.ActiveCfg = Debug|Any CPU
		{18CF6816-05E0-4A65-8018-066A61E04463}.Debug|Any CPU.Build.0 = Debug|Any CPU
		{18CF6816-05E0-4A65-8018-066A61E04463}.Release|Any CPU.ActiveCfg = Release|Any CPU
		{18CF6816-05E0-4A65-8018-066A61E04463}.Release|Any CPU.Build.0 = Release|Any CPU
		{ABA2EBF1-40CB-4194-9832-AD69E86AD72D}.Debug|Any CPU.ActiveCfg = Debug|Any CPU
		{ABA2EBF1-40CB-4194-9832-AD69E86AD72D}.Debug|Any CPU.Build.0 = Debug|Any CPU
		{ABA2EBF1-40CB-4194-9832-AD69E86AD72D}.Release|Any CPU.ActiveCfg = Release|Any CPU
		{ABA2EBF1-40CB-4194-9832-AD69E86AD72D}.Release|Any CPU.Build.0 = Release|Any CPU
		{5E5EDCF0-E2EB-4713-A960-37830BB6EDF8}.Debug|Any CPU.ActiveCfg = Debug|Any CPU
		{5E5EDCF0-E2EB-4713-A960-37830BB6EDF8}.Debug|Any CPU.Build.0 = Debug|Any CPU
		{5E5EDCF0-E2EB-4713-A960-37830BB6EDF8}.Release|Any CPU.ActiveCfg = Release|Any CPU
		{5E5EDCF0-E2EB-4713-A960-37830BB6EDF8}.Release|Any CPU.Build.0 = Release|Any CPU
		{5B39B7ED-2896-4853-871A-0799FAE221E7}.Debug|Any CPU.ActiveCfg = Debug|Any CPU
		{5B39B7ED-2896-4853-871A-0799FAE221E7}.Debug|Any CPU.Build.0 = Debug|Any CPU
		{5B39B7ED-2896-4853-871A-0799FAE221E7}.Release|Any CPU.ActiveCfg = Release|Any CPU
		{5B39B7ED-2896-4853-871A-0799FAE221E7}.Release|Any CPU.Build.0 = Release|Any CPU
		{20601375-7008-46B9-A387-1677B5BC234F}.Debug|Any CPU.ActiveCfg = Debug|Any CPU
		{20601375-7008-46B9-A387-1677B5BC234F}.Debug|Any CPU.Build.0 = Debug|Any CPU
		{20601375-7008-46B9-A387-1677B5BC234F}.Release|Any CPU.ActiveCfg = Release|Any CPU
		{20601375-7008-46B9-A387-1677B5BC234F}.Release|Any CPU.Build.0 = Release|Any CPU
		{9E353636-D5C2-47B7-B026-5C140BDBC2DD}.Debug|Any CPU.ActiveCfg = Debug|Any CPU
		{9E353636-D5C2-47B7-B026-5C140BDBC2DD}.Debug|Any CPU.Build.0 = Debug|Any CPU
		{9E353636-D5C2-47B7-B026-5C140BDBC2DD}.Release|Any CPU.ActiveCfg = Release|Any CPU
		{9E353636-D5C2-47B7-B026-5C140BDBC2DD}.Release|Any CPU.Build.0 = Release|Any CPU
		{369C59BA-1EE0-4892-9524-9C97DC4704A0}.Debug|Any CPU.ActiveCfg = Debug|Any CPU
		{369C59BA-1EE0-4892-9524-9C97DC4704A0}.Debug|Any CPU.Build.0 = Debug|Any CPU
		{369C59BA-1EE0-4892-9524-9C97DC4704A0}.Release|Any CPU.ActiveCfg = Release|Any CPU
		{369C59BA-1EE0-4892-9524-9C97DC4704A0}.Release|Any CPU.Build.0 = Release|Any CPU
		{2D080593-2719-4868-BDC8-60EFDB161755}.Debug|Any CPU.ActiveCfg = Debug|Any CPU
		{2D080593-2719-4868-BDC8-60EFDB161755}.Debug|Any CPU.Build.0 = Debug|Any CPU
		{2D080593-2719-4868-BDC8-60EFDB161755}.Release|Any CPU.ActiveCfg = Release|Any CPU
		{2D080593-2719-4868-BDC8-60EFDB161755}.Release|Any CPU.Build.0 = Release|Any CPU
		{BD3F5C22-C500-4B36-9FCF-372EADEB1DB5}.Debug|Any CPU.ActiveCfg = Debug|Any CPU
		{BD3F5C22-C500-4B36-9FCF-372EADEB1DB5}.Debug|Any CPU.Build.0 = Debug|Any CPU
		{BD3F5C22-C500-4B36-9FCF-372EADEB1DB5}.Release|Any CPU.ActiveCfg = Release|Any CPU
		{BD3F5C22-C500-4B36-9FCF-372EADEB1DB5}.Release|Any CPU.Build.0 = Release|Any CPU
		{B230A513-FE15-4245-BEDD-28B982B0E7D5}.Debug|Any CPU.ActiveCfg = Debug|Any CPU
		{B230A513-FE15-4245-BEDD-28B982B0E7D5}.Debug|Any CPU.Build.0 = Debug|Any CPU
		{B230A513-FE15-4245-BEDD-28B982B0E7D5}.Release|Any CPU.ActiveCfg = Release|Any CPU
		{B230A513-FE15-4245-BEDD-28B982B0E7D5}.Release|Any CPU.Build.0 = Release|Any CPU
		{38ADFD5B-4C72-41FD-A786-EEE64C17F01E}.Debug|Any CPU.ActiveCfg = Debug|Any CPU
		{38ADFD5B-4C72-41FD-A786-EEE64C17F01E}.Debug|Any CPU.Build.0 = Debug|Any CPU
		{38ADFD5B-4C72-41FD-A786-EEE64C17F01E}.Release|Any CPU.ActiveCfg = Release|Any CPU
		{38ADFD5B-4C72-41FD-A786-EEE64C17F01E}.Release|Any CPU.Build.0 = Release|Any CPU
		{332BBA68-D9D3-4E73-ADFE-77BD10C4944C}.Debug|Any CPU.ActiveCfg = Debug|Any CPU
		{332BBA68-D9D3-4E73-ADFE-77BD10C4944C}.Debug|Any CPU.Build.0 = Debug|Any CPU
		{332BBA68-D9D3-4E73-ADFE-77BD10C4944C}.Release|Any CPU.ActiveCfg = Release|Any CPU
		{332BBA68-D9D3-4E73-ADFE-77BD10C4944C}.Release|Any CPU.Build.0 = Release|Any CPU
		{E3966625-7E27-4387-99FA-BBE7145E4ABD}.Debug|Any CPU.ActiveCfg = Debug|Any CPU
		{E3966625-7E27-4387-99FA-BBE7145E4ABD}.Debug|Any CPU.Build.0 = Debug|Any CPU
		{E3966625-7E27-4387-99FA-BBE7145E4ABD}.Release|Any CPU.ActiveCfg = Release|Any CPU
		{E3966625-7E27-4387-99FA-BBE7145E4ABD}.Release|Any CPU.Build.0 = Release|Any CPU
		{2B5A8F87-BABC-46BE-9E9D-E5D7B43F69EB}.Debug|Any CPU.ActiveCfg = Debug|Any CPU
		{2B5A8F87-BABC-46BE-9E9D-E5D7B43F69EB}.Debug|Any CPU.Build.0 = Debug|Any CPU
		{2B5A8F87-BABC-46BE-9E9D-E5D7B43F69EB}.Release|Any CPU.ActiveCfg = Release|Any CPU
		{2B5A8F87-BABC-46BE-9E9D-E5D7B43F69EB}.Release|Any CPU.Build.0 = Release|Any CPU
		{6BA835EC-55FD-46D0-86FF-022FB147F06E}.Debug|Any CPU.ActiveCfg = Debug|Any CPU
		{6BA835EC-55FD-46D0-86FF-022FB147F06E}.Debug|Any CPU.Build.0 = Debug|Any CPU
		{6BA835EC-55FD-46D0-86FF-022FB147F06E}.Release|Any CPU.ActiveCfg = Release|Any CPU
		{6BA835EC-55FD-46D0-86FF-022FB147F06E}.Release|Any CPU.Build.0 = Release|Any CPU
		{545B3FD8-CE96-4A57-9CCA-CF5FAC16B66D}.Debug|Any CPU.ActiveCfg = Debug|Any CPU
		{545B3FD8-CE96-4A57-9CCA-CF5FAC16B66D}.Debug|Any CPU.Build.0 = Debug|Any CPU
		{545B3FD8-CE96-4A57-9CCA-CF5FAC16B66D}.Release|Any CPU.ActiveCfg = Release|Any CPU
		{545B3FD8-CE96-4A57-9CCA-CF5FAC16B66D}.Release|Any CPU.Build.0 = Release|Any CPU
		{05648837-5BEE-445C-BB81-FE919804DA3E}.Debug|Any CPU.ActiveCfg = Debug|Any CPU
		{05648837-5BEE-445C-BB81-FE919804DA3E}.Debug|Any CPU.Build.0 = Debug|Any CPU
		{05648837-5BEE-445C-BB81-FE919804DA3E}.Release|Any CPU.ActiveCfg = Release|Any CPU
		{05648837-5BEE-445C-BB81-FE919804DA3E}.Release|Any CPU.Build.0 = Release|Any CPU
		{9943F73B-FB3D-44EC-A616-1DC6308EB86C}.Debug|Any CPU.ActiveCfg = Debug|Any CPU
		{9943F73B-FB3D-44EC-A616-1DC6308EB86C}.Debug|Any CPU.Build.0 = Debug|Any CPU
		{9943F73B-FB3D-44EC-A616-1DC6308EB86C}.Release|Any CPU.ActiveCfg = Release|Any CPU
		{9943F73B-FB3D-44EC-A616-1DC6308EB86C}.Release|Any CPU.Build.0 = Release|Any CPU
		{1375008B-BB9F-415A-BCEF-0A9420A42C41}.Debug|Any CPU.ActiveCfg = Debug|Any CPU
		{1375008B-BB9F-415A-BCEF-0A9420A42C41}.Debug|Any CPU.Build.0 = Debug|Any CPU
		{1375008B-BB9F-415A-BCEF-0A9420A42C41}.Release|Any CPU.ActiveCfg = Release|Any CPU
		{1375008B-BB9F-415A-BCEF-0A9420A42C41}.Release|Any CPU.Build.0 = Release|Any CPU
		{31988F05-D626-46FC-B6CB-75024C6E7693}.Debug|Any CPU.ActiveCfg = Debug|Any CPU
		{31988F05-D626-46FC-B6CB-75024C6E7693}.Debug|Any CPU.Build.0 = Debug|Any CPU
		{31988F05-D626-46FC-B6CB-75024C6E7693}.Release|Any CPU.ActiveCfg = Release|Any CPU
		{31988F05-D626-46FC-B6CB-75024C6E7693}.Release|Any CPU.Build.0 = Release|Any CPU
		{959F5C7A-8704-4F12-B961-619AE2232504}.Debug|Any CPU.ActiveCfg = Debug|Any CPU
		{959F5C7A-8704-4F12-B961-619AE2232504}.Debug|Any CPU.Build.0 = Debug|Any CPU
		{959F5C7A-8704-4F12-B961-619AE2232504}.Release|Any CPU.ActiveCfg = Release|Any CPU
		{959F5C7A-8704-4F12-B961-619AE2232504}.Release|Any CPU.Build.0 = Release|Any CPU
		{CFF692C7-0B03-47B6-8B1E-77B2697E5CB9}.Debug|Any CPU.ActiveCfg = Debug|Any CPU
		{CFF692C7-0B03-47B6-8B1E-77B2697E5CB9}.Debug|Any CPU.Build.0 = Debug|Any CPU
		{CFF692C7-0B03-47B6-8B1E-77B2697E5CB9}.Release|Any CPU.ActiveCfg = Release|Any CPU
		{CFF692C7-0B03-47B6-8B1E-77B2697E5CB9}.Release|Any CPU.Build.0 = Release|Any CPU
		{3EC81866-948A-4184-8C00-B4828A64B76C}.Debug|Any CPU.ActiveCfg = Debug|Any CPU
		{3EC81866-948A-4184-8C00-B4828A64B76C}.Debug|Any CPU.Build.0 = Debug|Any CPU
		{3EC81866-948A-4184-8C00-B4828A64B76C}.Release|Any CPU.ActiveCfg = Release|Any CPU
		{3EC81866-948A-4184-8C00-B4828A64B76C}.Release|Any CPU.Build.0 = Release|Any CPU
		{27F1B5F7-54DB-4695-8603-D220AAE7B1D4}.Debug|Any CPU.ActiveCfg = Debug|Any CPU
		{27F1B5F7-54DB-4695-8603-D220AAE7B1D4}.Debug|Any CPU.Build.0 = Debug|Any CPU
		{27F1B5F7-54DB-4695-8603-D220AAE7B1D4}.Release|Any CPU.ActiveCfg = Release|Any CPU
		{27F1B5F7-54DB-4695-8603-D220AAE7B1D4}.Release|Any CPU.Build.0 = Release|Any CPU
		{C7FB411C-FAFE-4C3B-927A-172DE3CF3368}.Debug|Any CPU.ActiveCfg = Debug|Any CPU
		{C7FB411C-FAFE-4C3B-927A-172DE3CF3368}.Debug|Any CPU.Build.0 = Debug|Any CPU
		{C7FB411C-FAFE-4C3B-927A-172DE3CF3368}.Release|Any CPU.ActiveCfg = Release|Any CPU
		{C7FB411C-FAFE-4C3B-927A-172DE3CF3368}.Release|Any CPU.Build.0 = Release|Any CPU
	EndGlobalSection
	GlobalSection(SolutionProperties) = preSolution
		HideSolutionNode = FALSE
	EndGlobalSection
	GlobalSection(NestedProjects) = preSolution
		{43C911F8-2A79-498E-933D-09952FB8F935} = {327EFF94-F9EB-4029-AB34-CFFBD866C853}
		{A2A2717E-C2C6-485E-83CC-E61D74E95174} = {327EFF94-F9EB-4029-AB34-CFFBD866C853}
		{F1ABAFD8-A11A-49DE-B621-944F166EAE00} = {AD1234CF-C9FF-4B93-9503-76AAABD6DE8E}
		{0EEE9471-2903-4E9D-BA7A-3A782D2E6312} = {AD1234CF-C9FF-4B93-9503-76AAABD6DE8E}
		{8EFF6800-A467-49EA-A058-F917FC119D6C} = {AD1234CF-C9FF-4B93-9503-76AAABD6DE8E}
		{8562F4C5-7AFC-4E97-A1A1-ECC2A2C3C6C2} = {AD1234CF-C9FF-4B93-9503-76AAABD6DE8E}
		{47881D1B-2D39-4121-B4D8-DC879F562EA1} = {AD1234CF-C9FF-4B93-9503-76AAABD6DE8E}
		{2C6DD76F-3FE7-4404-A882-54DB360BC683} = {AD1234CF-C9FF-4B93-9503-76AAABD6DE8E}
		{D9EE2A34-4D74-4DD1-B5B7-075297A6A5D2} = {1FE54275-BE3C-4C93-B5AE-9EAF6D19ECF4}
		{501DCE22-72EE-4BB8-8BFF-BA488A32A181} = {1FE54275-BE3C-4C93-B5AE-9EAF6D19ECF4}
		{470B4655-A292-45AB-978A-D98772A30A7D} = {1FE54275-BE3C-4C93-B5AE-9EAF6D19ECF4}
		{18CF6816-05E0-4A65-8018-066A61E04463} = {1FE54275-BE3C-4C93-B5AE-9EAF6D19ECF4}
		{ABA2EBF1-40CB-4194-9832-AD69E86AD72D} = {1FE54275-BE3C-4C93-B5AE-9EAF6D19ECF4}
		{5E5EDCF0-E2EB-4713-A960-37830BB6EDF8} = {1FE54275-BE3C-4C93-B5AE-9EAF6D19ECF4}
		{5B39B7ED-2896-4853-871A-0799FAE221E7} = {132BF0D0-CCFD-4414-BB3F-7E09C2B1CF45}
		{20601375-7008-46B9-A387-1677B5BC234F} = {132BF0D0-CCFD-4414-BB3F-7E09C2B1CF45}
		{9E353636-D5C2-47B7-B026-5C140BDBC2DD} = {132BF0D0-CCFD-4414-BB3F-7E09C2B1CF45}
		{369C59BA-1EE0-4892-9524-9C97DC4704A0} = {132BF0D0-CCFD-4414-BB3F-7E09C2B1CF45}
		{2D080593-2719-4868-BDC8-60EFDB161755} = {132BF0D0-CCFD-4414-BB3F-7E09C2B1CF45}
		{BD3F5C22-C500-4B36-9FCF-372EADEB1DB5} = {132BF0D0-CCFD-4414-BB3F-7E09C2B1CF45}
		{B230A513-FE15-4245-BEDD-28B982B0E7D5} = {132BF0D0-CCFD-4414-BB3F-7E09C2B1CF45}
		{38ADFD5B-4C72-41FD-A786-EEE64C17F01E} = {B6F849FB-31EB-4DB7-BBEB-A45238AE1BF6}
		{332BBA68-D9D3-4E73-ADFE-77BD10C4944C} = {B6F849FB-31EB-4DB7-BBEB-A45238AE1BF6}
		{E3966625-7E27-4387-99FA-BBE7145E4ABD} = {B6F849FB-31EB-4DB7-BBEB-A45238AE1BF6}
		{2B5A8F87-BABC-46BE-9E9D-E5D7B43F69EB} = {9C14F1A4-009F-40B1-91A5-365D1A98D7E8}
		{6BA835EC-55FD-46D0-86FF-022FB147F06E} = {9C14F1A4-009F-40B1-91A5-365D1A98D7E8}
		{545B3FD8-CE96-4A57-9CCA-CF5FAC16B66D} = {9C14F1A4-009F-40B1-91A5-365D1A98D7E8}
		{05648837-5BEE-445C-BB81-FE919804DA3E} = {9C14F1A4-009F-40B1-91A5-365D1A98D7E8}
		{9943F73B-FB3D-44EC-A616-1DC6308EB86C} = {9C14F1A4-009F-40B1-91A5-365D1A98D7E8}
		{1375008B-BB9F-415A-BCEF-0A9420A42C41} = {9C14F1A4-009F-40B1-91A5-365D1A98D7E8}
		{31988F05-D626-46FC-B6CB-75024C6E7693} = {9C14F1A4-009F-40B1-91A5-365D1A98D7E8}
		{959F5C7A-8704-4F12-B961-619AE2232504} = {9C14F1A4-009F-40B1-91A5-365D1A98D7E8}
		{CFF692C7-0B03-47B6-8B1E-77B2697E5CB9} = {AC5E6597-59BD-4463-A753-738D10EDE68B}
		{3EC81866-948A-4184-8C00-B4828A64B76C} = {AC5E6597-59BD-4463-A753-738D10EDE68B}
		{27F1B5F7-54DB-4695-8603-D220AAE7B1D4} = {DBCFA5FB-527F-4976-9FDB-9D49248A08A9}
		{C7FB411C-FAFE-4C3B-927A-172DE3CF3368} = {DBCFA5FB-527F-4976-9FDB-9D49248A08A9}
	EndGlobalSection
EndGlobal
